
Microsoft Visual Studio Solution File, Format Version 12.00
# Visual Studio Version 17
VisualStudioVersion = 17.3.32825.248
MinimumVisualStudioVersion = 10.0.40219.1
Project("{FAE04EC0-301F-11D3-BF4B-00C04F79EFBC}") = "VeliErdemCoskun_Hafta4", "VeliErdemCoskun_Hafta4\VeliErdemCoskun_Hafta4.csproj", "{8C31FFA5-9C1C-4D1F-B272-BBAA9FC26523}"
EndProject
Global
	GlobalSection(SolutionConfigurationPlatforms) = preSolution
		Debug|Any CPU = Debug|Any CPU
		Release|Any CPU = Release|Any CPU
	EndGlobalSection
	GlobalSection(ProjectConfigurationPlatforms) = postSolution
		{8C31FFA5-9C1C-4D1F-B272-BBAA9FC26523}.Debug|Any CPU.ActiveCfg = Debug|Any CPU
		{8C31FFA5-9C1C-4D1F-B272-BBAA9FC26523}.Debug|Any CPU.Build.0 = Debug|Any CPU
		{8C31FFA5-9C1C-4D1F-B272-BBAA9FC26523}.Release|Any CPU.ActiveCfg = Release|Any CPU
		{8C31FFA5-9C1C-4D1F-B272-BBAA9FC26523}.Release|Any CPU.Build.0 = Release|Any CPU
	EndGlobalSection
	GlobalSection(SolutionProperties) = preSolution
		HideSolutionNode = FALSE
	EndGlobalSection
	GlobalSection(ExtensibilityGlobals) = postSolution
		SolutionGuid = {35A7F9B8-2212-4A21-9F25-42D86E402172}
	EndGlobalSection
EndGlobal
